// !$*UTF8*$!
{
	archiveVersion = 1;
	classes = {
	};
	objectVersion = 46;
	objects = {

/* Begin PBXBuildFile section */
		C8D7AA8A1E34BC0E009F8941 /* main.cpp in Sources */ = {isa = PBXBuildFile; fileRef = C8D7AA891E34BC0E009F8941 /* main.cpp */; };
/* End PBXBuildFile section */

/* Begin PBXCopyFilesBuildPhase section */
		C8D7AA841E34BC0E009F8941 /* CopyFiles */ = {
			isa = PBXCopyFilesBuildPhase;
			buildActionMask = 2147483647;
			dstPath = /usr/share/man/man1/;
			dstSubfolderSpec = 0;
			files = (
			);
			runOnlyForDeploymentPostprocessing = 1;
		};
/* End PBXCopyFilesBuildPhase section */

/* Begin PBXFileReference section */
		C8D7AA861E34BC0E009F8941 /* Chapter1_ArraysAndStrings */ = {isa = PBXFileReference; explicitFileType = "compiled.mach-o.executable"; includeInIndex = 0; path = Chapter1_ArraysAndStrings; sourceTree = BUILT_PRODUCTS_DIR; };
		C8D7AA891E34BC0E009F8941 /* main.cpp */ = {isa = PBXFileReference; lastKnownFileType = sourcecode.cpp.cpp; path = main.cpp; sourceTree = "<group>"; };
/* End PBXFileReference section */

/* Begin PBXFrameworksBuildPhase section */
		C8D7AA831E34BC0E009F8941 /* Frameworks */ = {
			isa = PBXFrameworksBuildPhase;
			buildActionMask = 2147483647;
			files = (
			);
			runOnlyForDeploymentPostprocessing = 0;
		};
/* End PBXFrameworksBuildPhase section */

/* Begin PBXGroup section */
		C8D7AA7D1E34BC0E009F8941 = {
			isa = PBXGroup;
			children = (
				C8D7AA881E34BC0E009F8941 /* Chapter1_ArraysAndStrings */,
				C8D7AA871E34BC0E009F8941 /* Products */,
			);
			sourceTree = "<group>";
		};
		C8D7AA871E34BC0E009F8941 /* Products */ = {
			isa = PBXGroup;
			children = (
				C8D7AA861E34BC0E009F8941 /* Chapter1_ArraysAndStrings */,
			);
			name = Products;
			sourceTree = "<group>";
		};
		C8D7AA881E34BC0E009F8941 /* Chapter1_ArraysAndStrings */ = {
			isa = PBXGroup;
			children = (
				C8D7AA891E34BC0E009F8941 /* main.cpp */,
			);
			path = Chapter1_ArraysAndStrings;
			sourceTree = "<group>";
		};
/* End PBXGroup section */

/* Begin PBXNativeTarget section */
		C8D7AA851E34BC0E009F8941 /* Chapter1_ArraysAndStrings */ = {
			isa = PBXNativeTarget;
			buildConfigurationList = C8D7AA8D1E34BC0E009F8941 /* Build configuration list for PBXNativeTarget "Chapter1_ArraysAndStrings" */;
			buildPhases = (
				C8D7AA821E34BC0E009F8941 /* Sources */,
				C8D7AA831E34BC0E009F8941 /* Frameworks */,
				C8D7AA841E34BC0E009F8941 /* CopyFiles */,
			);
			buildRules = (
			);
			dependencies = (
			);
			name = Chapter1_ArraysAndStrings;
			productName = Chapter1_ArraysAndStrings;
			productReference = C8D7AA861E34BC0E009F8941 /* Chapter1_ArraysAndStrings */;
			productType = "com.apple.product-type.tool";
		};
/* End PBXNativeTarget section */

/* Begin PBXProject section */
		C8D7AA7E1E34BC0E009F8941 /* Project object */ = {
			isa = PBXProject;
			attributes = {
				LastUpgradeCheck = 0720;
				ORGANIZATIONNAME = "JaeYoon Kim";
				TargetAttributes = {
					C8D7AA851E34BC0E009F8941 = {
						CreatedOnToolsVersion = 7.2.1;
					};
				};
			};
			buildConfigurationList = C8D7AA811E34BC0E009F8941 /* Build configuration list for PBXProject "Chapter1_ArraysAndStrings" */;
			compatibilityVersion = "Xcode 3.2";
			developmentRegion = English;
			hasScannedForEncodings = 0;
			knownRegions = (
				en,
			);
			mainGroup = C8D7AA7D1E34BC0E009F8941;
			productRefGroup = C8D7AA871E34BC0E009F8941 /* Products */;
			projectDirPath = "";
			projectRoot = "";
			targets = (
				C8D7AA851E34BC0E009F8941 /* Chapter1_ArraysAndStrings */,
			);
		};
/* End PBXProject section */

/* Begin PBXSourcesBuildPhase section */
		C8D7AA821E34BC0E009F8941 /* Sources */ = {
			isa = PBXSourcesBuildPhase;
			buildActionMask = 2147483647;
			files = (
				C8D7AA8A1E34BC0E009F8941 /* main.cpp in Sources */,
			);
			runOnlyForDeploymentPostprocessing = 0;
		};
/* End PBXSourcesBuildPhase section */

/* Begin XCBuildConfiguration section */
		C8D7AA8B1E34BC0E009F8941 /* Debug */ = {
			isa = XCBuildConfiguration;
			buildSettings = {
				ALWAYS_SEARCH_USER_PATHS = NO;
				CLANG_CXX_LANGUAGE_STANDARD = "gnu++0x";
				CLANG_CXX_LIBRARY = "libc++";
				CLANG_ENABLE_MODULES = YES;
				CLANG_ENABLE_OBJC_ARC = YES;
				CLANG_WARN_BOOL_CONVERSION = YES;
				CLANG_WARN_CONSTANT_CONVERSION = YES;
				CLANG_WARN_DIRECT_OBJC_ISA_USAGE = YES_ERROR;
				CLANG_WARN_EMPTY_BODY = YES;
				CLANG_WARN_ENUM_CONVERSION = YES;
				CLANG_WARN_INT_CONVERSION = YES;
				CLANG_WARN_OBJC_ROOT_CLASS = YES_ERROR;
				CLANG_WARN_UNREACHABLE_CODE = YES;
				CLANG_WARN__DUPLICATE_METHOD_MATCH = YES;
				CODE_SIGN_IDENTITY = "-";
				COPY_PHASE_STRIP = NO;
				DEBUG_INFORMATION_FORMAT = dwarf;
				ENABLE_STRICT_OBJC_MSGSEND = YES;
				ENABLE_TESTABILITY = YES;
				GCC_C_LANGUAGE_STANDARD = gnu99;
				GCC_DYNAMIC_NO_PIC = NO;
				GCC_NO_COMMON_BLOCKS = YES;
				GCC_OPTIMIZATION_LEVEL = 0;
				GCC_PREPROCESSOR_DEFINITIONS = (
					"DEBUG=1",
					"$(inherited)",
				);
				GCC_WARN_64_TO_32_BIT_CONVERSION = YES;
				GCC_WARN_ABOUT_RETURN_TYPE = YES_ERROR;
				GCC_WARN_UNDECLARED_SELECTOR = YES;
				GCC_WARN_UNINITIALIZED_AUTOS = YES_AGGRESSIVE;
				GCC_WARN_UNUSED_FUNCTION = YES;
				GCC_WARN_UNUSED_VARIABLE = YES;
				MACOSX_DEPLOYMENT_TARGET = 10.10;
				MTL_ENABLE_DEBUG_INFO = YES;
				ONLY_ACTIVE_ARCH = YES;
				SDKROOT = macosx;
			};
			name = Debug;
		};
		C8D7AA8C1E34BC0E009F8941 /* Release */ = {
			isa = XCBuildConfiguration;
			buildSettings = {
				ALWAYS_SEARCH_USER_PATHS = NO;
				CLANG_CXX_LANGUAGE_STANDARD = "gnu++0x";
				CLANG_CXX_LIBRARY = "libc++";
				CLANG_ENABLE_MODULES = YES;
				CLANG_ENABLE_OBJC_ARC = YES;
				CLANG_WARN_BOOL_CONVERSION = YES;
				CLANG_WARN_CONSTANT_CONVERSION = YES;
				CLANG_WARN_DIRECT_OBJC_ISA_USAGE = YES_ERROR;
				CLANG_WARN_EMPTY_BODY = YES;
				CLANG_WARN_ENUM_CONVERSION = YES;
				CLANG_WARN_INT_CONVERSION = YES;
				CLANG_WARN_OBJC_ROOT_CLASS = YES_ERROR;
				CLANG_WARN_UNREACHABLE_CODE = YES;
				CLANG_WARN__DUPLICATE_METHOD_MATCH = YES;
				CODE_SIGN_IDENTITY = "-";
				COPY_PHASE_STRIP = NO;
				DEBUG_INFORMATION_FORMAT = "dwarf-with-dsym";
				ENABLE_NS_ASSERTIONS = NO;
				ENABLE_STRICT_OBJC_MSGSEND = YES;
				GCC_C_LANGUAGE_STANDARD = gnu99;
				GCC_NO_COMMON_BLOCKS = YES;
				GCC_WARN_64_TO_32_BIT_CONVERSION = YES;
				GCC_WARN_ABOUT_RETURN_TYPE = YES_ERROR;
				GCC_WARN_UNDECLARED_SELECTOR = YES;
				GCC_WARN_UNINITIALIZED_AUTOS = YES_AGGRESSIVE;
				GCC_WARN_UNUSED_FUNCTION = YES;
				GCC_WARN_UNUSED_VARIABLE = YES;
				MACOSX_DEPLOYMENT_TARGET = 10.10;
				MTL_ENABLE_DEBUG_INFO = NO;
				SDKROOT = macosx;
			};
			name = Release;
		};
		C8D7AA8E1E34BC0E009F8941 /* Debug */ = {
			isa = XCBuildConfiguration;
			buildSettings = {
				PRODUCT_NAME = "$(TARGET_NAME)";
			};
			name = Debug;
		};
		C8D7AA8F1E34BC0E009F8941 /* Release */ = {
			isa = XCBuildConfiguration;
			buildSettings = {
				PRODUCT_NAME = "$(TARGET_NAME)";
			};
			name = Release;
		};
/* End XCBuildConfiguration section */

/* Begin XCConfigurationList section */
		C8D7AA811E34BC0E009F8941 /* Build configuration list for PBXProject "Chapter1_ArraysAndStrings" */ = {
			isa = XCConfigurationList;
			buildConfigurations = (
				C8D7AA8B1E34BC0E009F8941 /* Debug */,
				C8D7AA8C1E34BC0E009F8941 /* Release */,
			);
			defaultConfigurationIsVisible = 0;
			defaultConfigurationName = Release;
		};
		C8D7AA8D1E34BC0E009F8941 /* Build configuration list for PBXNativeTarget "Chapter1_ArraysAndStrings" */ = {
			isa = XCConfigurationList;
			buildConfigurations = (
				C8D7AA8E1E34BC0E009F8941 /* Debug */,
				C8D7AA8F1E34BC0E009F8941 /* Release */,
			);
			defaultConfigurationIsVisible = 0;
		};
/* End XCConfigurationList section */
	};
	rootObject = C8D7AA7E1E34BC0E009F8941 /* Project object */;
}
